
Microsoft Visual Studio Solution File, Format Version 12.00
# Visual Studio Version 16
VisualStudioVersion = 16.0.29009.5
MinimumVisualStudioVersion = 10.0.40219.1
Project("{FAE04EC0-301F-11D3-BF4B-00C04F79EFBC}") = "Tarea6", "Tarea6.csproj", "{9C732385-87BF-4B43-8BEE-B7FDF9949646}"
EndProject
Project("{FAE04EC0-301F-11D3-BF4B-00C04F79EFBC}") = "Tarea6Tests", "..\Tarea6Tests\Tarea6Tests.csproj", "{F6D21544-6F56-4D30-8EDB-35640AE92DBD}"
EndProject
Global
	GlobalSection(SolutionConfigurationPlatforms) = preSolution
		Debug|Any CPU = Debug|Any CPU
		Release|Any CPU = Release|Any CPU
	EndGlobalSection
	GlobalSection(ProjectConfigurationPlatforms) = postSolution
		{9C732385-87BF-4B43-8BEE-B7FDF9949646}.Debug|Any CPU.ActiveCfg = Debug|Any CPU
		{9C732385-87BF-4B43-8BEE-B7FDF9949646}.Debug|Any CPU.Build.0 = Debug|Any CPU
		{9C732385-87BF-4B43-8BEE-B7FDF9949646}.Release|Any CPU.ActiveCfg = Release|Any CPU
		{9C732385-87BF-4B43-8BEE-B7FDF9949646}.Release|Any CPU.Build.0 = Release|Any CPU
		{F6D21544-6F56-4D30-8EDB-35640AE92DBD}.Debug|Any CPU.ActiveCfg = Debug|Any CPU
		{F6D21544-6F56-4D30-8EDB-35640AE92DBD}.Debug|Any CPU.Build.0 = Debug|Any CPU
		{F6D21544-6F56-4D30-8EDB-35640AE92DBD}.Release|Any CPU.ActiveCfg = Release|Any CPU
		{F6D21544-6F56-4D30-8EDB-35640AE92DBD}.Release|Any CPU.Build.0 = Release|Any CPU
	EndGlobalSection
	GlobalSection(SolutionProperties) = preSolution
		HideSolutionNode = FALSE
	EndGlobalSection
	GlobalSection(ExtensibilityGlobals) = postSolution
		SolutionGuid = {80E06D6B-E089-4BCF-93E6-9FFAA0FA0B9E}
	EndGlobalSection
EndGlobal
